
Microsoft Visual Studio Solution File, Format Version 12.00
# Visual Studio Version 17
VisualStudioVersion = 17.8.34322.80
MinimumVisualStudioVersion = 10.0.40219.1
Project("{FAE04EC0-301F-11D3-BF4B-00C04F79EFBC}") = "PatikaWeek1Homework3", "PatikaWeek1Homework3\PatikaWeek1Homework3.csproj", "{F59F8182-33E3-4725-B76E-92D255EBEB51}"
EndProject
Global
	GlobalSection(SolutionConfigurationPlatforms) = preSolution
		Debug|Any CPU = Debug|Any CPU
		Release|Any CPU = Release|Any CPU
	EndGlobalSection
	GlobalSection(ProjectConfigurationPlatforms) = postSolution
		{F59F8182-33E3-4725-B76E-92D255EBEB51}.Debug|Any CPU.ActiveCfg = Debug|Any CPU
		{F59F8182-33E3-4725-B76E-92D255EBEB51}.Debug|Any CPU.Build.0 = Debug|Any CPU
		{F59F8182-33E3-4725-B76E-92D255EBEB51}.Release|Any CPU.ActiveCfg = Release|Any CPU
		{F59F8182-33E3-4725-B76E-92D255EBEB51}.Release|Any CPU.Build.0 = Release|Any CPU
	EndGlobalSection
	GlobalSection(SolutionProperties) = preSolution
		HideSolutionNode = FALSE
	EndGlobalSection
	GlobalSection(ExtensibilityGlobals) = postSolution
		SolutionGuid = {797BB448-F3D8-4ED9-8B9E-DB9AD7F73D95}
	EndGlobalSection
EndGlobal
